
Microsoft Visual Studio Solution File, Format Version 12.00
# Visual Studio Version 16
VisualStudioVersion = 16.0.29519.87
MinimumVisualStudioVersion = 10.0.40219.1
Project("{FAE04EC0-301F-11D3-BF4B-00C04F79EFBC}") = "13Dublin", "13Dublin\13Dublin.csproj", "{C5DC9924-9C05-4202-9CAC-D40372897904}"
EndProject
Global
	GlobalSection(SolutionConfigurationPlatforms) = preSolution
		Debug|Any CPU = Debug|Any CPU
		Release|Any CPU = Release|Any CPU
	EndGlobalSection
	GlobalSection(ProjectConfigurationPlatforms) = postSolution
		{C5DC9924-9C05-4202-9CAC-D40372897904}.Debug|Any CPU.ActiveCfg = Debug|Any CPU
		{C5DC9924-9C05-4202-9CAC-D40372897904}.Debug|Any CPU.Build.0 = Debug|Any CPU
		{C5DC9924-9C05-4202-9CAC-D40372897904}.Release|Any CPU.ActiveCfg = Release|Any CPU
		{C5DC9924-9C05-4202-9CAC-D40372897904}.Release|Any CPU.Build.0 = Release|Any CPU
	EndGlobalSection
	GlobalSection(SolutionProperties) = preSolution
		HideSolutionNode = FALSE
	EndGlobalSection
	GlobalSection(ExtensibilityGlobals) = postSolution
		SolutionGuid = {331F797D-A8F6-456E-866B-ABF889DAA56A}
	EndGlobalSection
EndGlobal
